
Microsoft Visual Studio Solution File, Format Version 12.00
# Visual Studio Version 16
VisualStudioVersion = 16.0.31321.278
MinimumVisualStudioVersion = 10.0.40219.1
Project("{FAE04EC0-301F-11D3-BF4B-00C04F79EFBC}") = "AADTestApp", "AADTestApp\AADTestApp.csproj", "{7FEFE389-7A66-4C96-AAEE-4459375057CC}"
EndProject
Project("{FAE04EC0-301F-11D3-BF4B-00C04F79EFBC}") = "ConsoleApp1", "ConsoleApp1\ConsoleApp1.csproj", "{0BBD9649-86BA-475F-B6C2-7D6DF49E71DD}"
EndProject
Global
	GlobalSection(SolutionConfigurationPlatforms) = preSolution
		Debug|Any CPU = Debug|Any CPU
		Release|Any CPU = Release|Any CPU
	EndGlobalSection
	GlobalSection(ProjectConfigurationPlatforms) = postSolution
		{7FEFE389-7A66-4C96-AAEE-4459375057CC}.Debug|Any CPU.ActiveCfg = Debug|Any CPU
		{7FEFE389-7A66-4C96-AAEE-4459375057CC}.Debug|Any CPU.Build.0 = Debug|Any CPU
		{7FEFE389-7A66-4C96-AAEE-4459375057CC}.Release|Any CPU.ActiveCfg = Release|Any CPU
		{7FEFE389-7A66-4C96-AAEE-4459375057CC}.Release|Any CPU.Build.0 = Release|Any CPU
		{0BBD9649-86BA-475F-B6C2-7D6DF49E71DD}.Debug|Any CPU.ActiveCfg = Debug|Any CPU
		{0BBD9649-86BA-475F-B6C2-7D6DF49E71DD}.Debug|Any CPU.Build.0 = Debug|Any CPU
		{0BBD9649-86BA-475F-B6C2-7D6DF49E71DD}.Release|Any CPU.ActiveCfg = Release|Any CPU
		{0BBD9649-86BA-475F-B6C2-7D6DF49E71DD}.Release|Any CPU.Build.0 = Release|Any CPU
	EndGlobalSection
	GlobalSection(SolutionProperties) = preSolution
		HideSolutionNode = FALSE
	EndGlobalSection
	GlobalSection(ExtensibilityGlobals) = postSolution
		SolutionGuid = {27A53186-7C97-4FAE-9DF8-FC14E733588B}
	EndGlobalSection
EndGlobal
